{
  "object": {
    "pins": [
      {
        "package": "OpenCombine",
        "repositoryURL": "https://github.com/OpenCombine/OpenCombine.git",
        "state": {
          "branch": null,
          "revision": "915a7efaf596058f9867ba76b08339740c47452e",
          "version": "0.10.1"
        }
      }
    ]
  },
  "version": 1
}
